
Microsoft Visual Studio Solution File, Format Version 12.00
# Visual Studio Version 17
VisualStudioVersion = 17.3.32825.248
MinimumVisualStudioVersion = 10.0.40219.1
Project("{8BC9CEB8-8B4A-11D0-8D11-00A0C91BC942}") = "Week1Opdracht1DeJuiste", "Week1Opdracht1DeJuiste.vcxproj", "{52D94D16-B911-4ACB-8A94-60BFD3C6128E}"
EndProject
Global
	GlobalSection(SolutionConfigurationPlatforms) = preSolution
		Debug|x64 = Debug|x64
		Debug|x86 = Debug|x86
		Release|x64 = Release|x64
		Release|x86 = Release|x86
	EndGlobalSection
	GlobalSection(ProjectConfigurationPlatforms) = postSolution
		{52D94D16-B911-4ACB-8A94-60BFD3C6128E}.Debug|x64.ActiveCfg = Debug|x64
		{52D94D16-B911-4ACB-8A94-60BFD3C6128E}.Debug|x64.Build.0 = Debug|x64
		{52D94D16-B911-4ACB-8A94-60BFD3C6128E}.Debug|x86.ActiveCfg = Debug|Win32
		{52D94D16-B911-4ACB-8A94-60BFD3C6128E}.Debug|x86.Build.0 = Debug|Win32
		{52D94D16-B911-4ACB-8A94-60BFD3C6128E}.Release|x64.ActiveCfg = Release|x64
		{52D94D16-B911-4ACB-8A94-60BFD3C6128E}.Release|x64.Build.0 = Release|x64
		{52D94D16-B911-4ACB-8A94-60BFD3C6128E}.Release|x86.ActiveCfg = Release|Win32
		{52D94D16-B911-4ACB-8A94-60BFD3C6128E}.Release|x86.Build.0 = Release|Win32
	EndGlobalSection
	GlobalSection(SolutionProperties) = preSolution
		HideSolutionNode = FALSE
	EndGlobalSection
	GlobalSection(ExtensibilityGlobals) = postSolution
		SolutionGuid = {AB5632BC-BEA1-402F-B7F6-208B6CA5A50F}
	EndGlobalSection
EndGlobal
